// !$*UTF8*$!
{
	archiveVersion = 1;
	classes = {
	};
	objectVersion = 50;
	objects = {

/* Begin PBXBuildFile section */
		C545CD08264C0CAE0077AE9A /* MKPointAnnotation-ObservableObject.swift in Sources */ = {isa = PBXBuildFile; fileRef = C545CD07264C0CAE0077AE9A /* MKPointAnnotation-ObservableObject.swift */; };
		C545CD0B264C0D300077AE9A /* EditView.swift in Sources */ = {isa = PBXBuildFile; fileRef = C545CD0A264C0D300077AE9A /* EditView.swift */; };
		C545CD0E264C0F370077AE9A /* Result.swift in Sources */ = {isa = PBXBuildFile; fileRef = C545CD0D264C0F370077AE9A /* Result.swift */; };
		C54EC4072649495F0021547F /* MapView.swift in Sources */ = {isa = PBXBuildFile; fileRef = C54EC4062649495F0021547F /* MapView.swift */; };
		C56404EC2647F9A2002DA6FE /* AppDelegate.swift in Sources */ = {isa = PBXBuildFile; fileRef = C56404EB2647F9A2002DA6FE /* AppDelegate.swift */; };
		C56404EE2647F9A2002DA6FE /* SceneDelegate.swift in Sources */ = {isa = PBXBuildFile; fileRef = C56404ED2647F9A2002DA6FE /* SceneDelegate.swift */; };
		C56404F02647F9A2002DA6FE /* ContentView.swift in Sources */ = {isa = PBXBuildFile; fileRef = C56404EF2647F9A2002DA6FE /* ContentView.swift */; };
		C56404F22647F9A3002DA6FE /* Assets.xcassets in Resources */ = {isa = PBXBuildFile; fileRef = C56404F12647F9A3002DA6FE /* Assets.xcassets */; };
		C56404F52647F9A3002DA6FE /* Preview Assets.xcassets in Resources */ = {isa = PBXBuildFile; fileRef = C56404F42647F9A3002DA6FE /* Preview Assets.xcassets */; };
		C56404F82647F9A3002DA6FE /* LaunchScreen.storyboard in Resources */ = {isa = PBXBuildFile; fileRef = C56404F62647F9A3002DA6FE /* LaunchScreen.storyboard */; };
		C589F147264D347500885291 /* MKPointAnnotation-Codable.swift in Sources */ = {isa = PBXBuildFile; fileRef = C589F146264D347500885291 /* MKPointAnnotation-Codable.swift */; };
/* End PBXBuildFile section */

/* Begin PBXFileReference section */
		C545CD07264C0CAE0077AE9A /* MKPointAnnotation-ObservableObject.swift */ = {isa = PBXFileReference; lastKnownFileType = sourcecode.swift; path = "MKPointAnnotation-ObservableObject.swift"; sourceTree = "<group>"; };
		C545CD0A264C0D300077AE9A /* EditView.swift */ = {isa = PBXFileReference; lastKnownFileType = sourcecode.swift; path = EditView.swift; sourceTree = "<group>"; };
		C545CD0D264C0F370077AE9A /* Result.swift */ = {isa = PBXFileReference; lastKnownFileType = sourcecode.swift; path = Result.swift; sourceTree = "<group>"; };
		C54EC4062649495F0021547F /* MapView.swift */ = {isa = PBXFileReference; lastKnownFileType = sourcecode.swift; path = MapView.swift; sourceTree = "<group>"; };
		C56404E82647F9A2002DA6FE /* BucketList.app */ = {isa = PBXFileReference; explicitFileType = wrapper.application; includeInIndex = 0; path = BucketList.app; sourceTree = BUILT_PRODUCTS_DIR; };
		C56404EB2647F9A2002DA6FE /* AppDelegate.swift */ = {isa = PBXFileReference; lastKnownFileType = sourcecode.swift; path = AppDelegate.swift; sourceTree = "<group>"; };
		C56404ED2647F9A2002DA6FE /* SceneDelegate.swift */ = {isa = PBXFileReference; lastKnownFileType = sourcecode.swift; path = SceneDelegate.swift; sourceTree = "<group>"; };
		C56404EF2647F9A2002DA6FE /* ContentView.swift */ = {isa = PBXFileReference; lastKnownFileType = sourcecode.swift; path = ContentView.swift; sourceTree = "<group>"; };
		C56404F12647F9A3002DA6FE /* Assets.xcassets */ = {isa = PBXFileReference; lastKnownFileType = folder.assetcatalog; path = Assets.xcassets; sourceTree = "<group>"; };
		C56404F42647F9A3002DA6FE /* Preview Assets.xcassets */ = {isa = PBXFileReference; lastKnownFileType = folder.assetcatalog; path = "Preview Assets.xcassets"; sourceTree = "<group>"; };
		C56404F72647F9A3002DA6FE /* Base */ = {isa = PBXFileReference; lastKnownFileType = file.storyboard; name = Base; path = Base.lproj/LaunchScreen.storyboard; sourceTree = "<group>"; };
		C56404F92647F9A3002DA6FE /* Info.plist */ = {isa = PBXFileReference; lastKnownFileType = text.plist.xml; path = Info.plist; sourceTree = "<group>"; };
		C589F146264D347500885291 /* MKPointAnnotation-Codable.swift */ = {isa = PBXFileReference; lastKnownFileType = sourcecode.swift; path = "MKPointAnnotation-Codable.swift"; sourceTree = "<group>"; };
/* End PBXFileReference section */

/* Begin PBXFrameworksBuildPhase section */
		C56404E52647F9A2002DA6FE /* Frameworks */ = {
			isa = PBXFrameworksBuildPhase;
			buildActionMask = 2147483647;
			files = (
			);
			runOnlyForDeploymentPostprocessing = 0;
		};
/* End PBXFrameworksBuildPhase section */

/* Begin PBXGroup section */
		C56404DF2647F9A1002DA6FE = {
			isa = PBXGroup;
			children = (
				C56404EA2647F9A2002DA6FE /* BucketList */,
				C56404E92647F9A2002DA6FE /* Products */,
			);
			sourceTree = "<group>";
		};
		C56404E92647F9A2002DA6FE /* Products */ = {
			isa = PBXGroup;
			children = (
				C56404E82647F9A2002DA6FE /* BucketList.app */,
			);
			name = Products;
			sourceTree = "<group>";
		};
		C56404EA2647F9A2002DA6FE /* BucketList */ = {
			isa = PBXGroup;
			children = (
				C56404EB2647F9A2002DA6FE /* AppDelegate.swift */,
				C56404ED2647F9A2002DA6FE /* SceneDelegate.swift */,
				C56404EF2647F9A2002DA6FE /* ContentView.swift */,
				C545CD0D264C0F370077AE9A /* Result.swift */,
				C545CD07264C0CAE0077AE9A /* MKPointAnnotation-ObservableObject.swift */,
				C589F146264D347500885291 /* MKPointAnnotation-Codable.swift */,
				C545CD0A264C0D300077AE9A /* EditView.swift */,
				C54EC4062649495F0021547F /* MapView.swift */,
				C56404F12647F9A3002DA6FE /* Assets.xcassets */,
				C56404F62647F9A3002DA6FE /* LaunchScreen.storyboard */,
				C56404F92647F9A3002DA6FE /* Info.plist */,
				C56404F32647F9A3002DA6FE /* Preview Content */,
			);
			path = BucketList;
			sourceTree = "<group>";
		};
		C56404F32647F9A3002DA6FE /* Preview Content */ = {
			isa = PBXGroup;
			children = (
				C56404F42647F9A3002DA6FE /* Preview Assets.xcassets */,
			);
			path = "Preview Content";
			sourceTree = "<group>";
		};
/* End PBXGroup section */

/* Begin PBXNativeTarget section */
		C56404E72647F9A2002DA6FE /* BucketList */ = {
			isa = PBXNativeTarget;
			buildConfigurationList = C56404FC2647F9A3002DA6FE /* Build configuration list for PBXNativeTarget "BucketList" */;
			buildPhases = (
				C56404E42647F9A2002DA6FE /* Sources */,
				C56404E52647F9A2002DA6FE /* Frameworks */,
				C56404E62647F9A2002DA6FE /* Resources */,
			);
			buildRules = (
			);
			dependencies = (
			);
			name = BucketList;
			productName = BucketList;
			productReference = C56404E82647F9A2002DA6FE /* BucketList.app */;
			productType = "com.apple.product-type.application";
		};
/* End PBXNativeTarget section */

/* Begin PBXProject section */
		C56404E02647F9A1002DA6FE /* Project object */ = {
			isa = PBXProject;
			attributes = {
				LastSwiftUpdateCheck = 1240;
				LastUpgradeCheck = 1240;
				TargetAttributes = {
					C56404E72647F9A2002DA6FE = {
						CreatedOnToolsVersion = 12.4;
					};
				};
			};
			buildConfigurationList = C56404E32647F9A1002DA6FE /* Build configuration list for PBXProject "BucketList" */;
			compatibilityVersion = "Xcode 9.3";
			developmentRegion = en;
			hasScannedForEncodings = 0;
			knownRegions = (
				en,
				Base,
			);
			mainGroup = C56404DF2647F9A1002DA6FE;
			productRefGroup = C56404E92647F9A2002DA6FE /* Products */;
			projectDirPath = "";
			projectRoot = "";
			targets = (
				C56404E72647F9A2002DA6FE /* BucketList */,
			);
		};
/* End PBXProject section */

/* Begin PBXResourcesBuildPhase section */
		C56404E62647F9A2002DA6FE /* Resources */ = {
			isa = PBXResourcesBuildPhase;
			buildActionMask = 2147483647;
			files = (
				C56404F82647F9A3002DA6FE /* LaunchScreen.storyboard in Resources */,
				C56404F52647F9A3002DA6FE /* Preview Assets.xcassets in Resources */,
				C56404F22647F9A3002DA6FE /* Assets.xcassets in Resources */,
			);
			runOnlyForDeploymentPostprocessing = 0;
		};
/* End PBXResourcesBuildPhase section */

/* Begin PBXSourcesBuildPhase section */
		C56404E42647F9A2002DA6FE /* Sources */ = {
			isa = PBXSourcesBuildPhase;
			buildActionMask = 2147483647;
			files = (
				C56404EC2647F9A2002DA6FE /* AppDelegate.swift in Sources */,
				C54EC4072649495F0021547F /* MapView.swift in Sources */,
				C545CD0B264C0D300077AE9A /* EditView.swift in Sources */,
				C56404EE2647F9A2002DA6FE /* SceneDelegate.swift in Sources */,
				C545CD0E264C0F370077AE9A /* Result.swift in Sources */,
				C545CD08264C0CAE0077AE9A /* MKPointAnnotation-ObservableObject.swift in Sources */,
				C589F147264D347500885291 /* MKPointAnnotation-Codable.swift in Sources */,
				C56404F02647F9A2002DA6FE /* ContentView.swift in Sources */,
			);
			runOnlyForDeploymentPostprocessing = 0;
		};
/* End PBXSourcesBuildPhase section */

/* Begin PBXVariantGroup section */
		C56404F62647F9A3002DA6FE /* LaunchScreen.storyboard */ = {
			isa = PBXVariantGroup;
			children = (
				C56404F72647F9A3002DA6FE /* Base */,
			);
			name = LaunchScreen.storyboard;
			sourceTree = "<group>";
		};
/* End PBXVariantGroup section */

/* Begin XCBuildConfiguration section */
		C56404FA2647F9A3002DA6FE /* Debug */ = {
			isa = XCBuildConfiguration;
			buildSettings = {
				ALWAYS_SEARCH_USER_PATHS = NO;
				CLANG_ANALYZER_NONNULL = YES;
				CLANG_ANALYZER_NUMBER_OBJECT_CONVERSION = YES_AGGRESSIVE;
				CLANG_CXX_LANGUAGE_STANDARD = "gnu++14";
				CLANG_CXX_LIBRARY = "libc++";
				CLANG_ENABLE_MODULES = YES;
				CLANG_ENABLE_OBJC_ARC = YES;
				CLANG_ENABLE_OBJC_WEAK = YES;
				CLANG_WARN_BLOCK_CAPTURE_AUTORELEASING = YES;
				CLANG_WARN_BOOL_CONVERSION = YES;
				CLANG_WARN_COMMA = YES;
				CLANG_WARN_CONSTANT_CONVERSION = YES;
				CLANG_WARN_DEPRECATED_OBJC_IMPLEMENTATIONS = YES;
				CLANG_WARN_DIRECT_OBJC_ISA_USAGE = YES_ERROR;
				CLANG_WARN_DOCUMENTATION_COMMENTS = YES;
				CLANG_WARN_EMPTY_BODY = YES;
				CLANG_WARN_ENUM_CONVERSION = YES;
				CLANG_WARN_INFINITE_RECURSION = YES;
				CLANG_WARN_INT_CONVERSION = YES;
				CLANG_WARN_NON_LITERAL_NULL_CONVERSION = YES;
				CLANG_WARN_OBJC_IMPLICIT_RETAIN_SELF = YES;
				CLANG_WARN_OBJC_LITERAL_CONVERSION = YES;
				CLANG_WARN_OBJC_ROOT_CLASS = YES_ERROR;
				CLANG_WARN_QUOTED_INCLUDE_IN_FRAMEWORK_HEADER = YES;
				CLANG_WARN_RANGE_LOOP_ANALYSIS = YES;
				CLANG_WARN_STRICT_PROTOTYPES = YES;
				CLANG_WARN_SUSPICIOUS_MOVE = YES;
				CLANG_WARN_UNGUARDED_AVAILABILITY = YES_AGGRESSIVE;
				CLANG_WARN_UNREACHABLE_CODE = YES;
				CLANG_WARN__DUPLICATE_METHOD_MATCH = YES;
				COPY_PHASE_STRIP = NO;
				DEBUG_INFORMATION_FORMAT = dwarf;
				ENABLE_STRICT_OBJC_MSGSEND = YES;
				ENABLE_TESTABILITY = YES;
				GCC_C_LANGUAGE_STANDARD = gnu11;
				GCC_DYNAMIC_NO_PIC = NO;
				GCC_NO_COMMON_BLOCKS = YES;
				GCC_OPTIMIZATION_LEVEL = 0;
				GCC_PREPROCESSOR_DEFINITIONS = (
					"DEBUG=1",
					"$(inherited)",
				);
				GCC_WARN_64_TO_32_BIT_CONVERSION = YES;
				GCC_WARN_ABOUT_RETURN_TYPE = YES_ERROR;
				GCC_WARN_UNDECLARED_SELECTOR = YES;
				GCC_WARN_UNINITIALIZED_AUTOS = YES_AGGRESSIVE;
				GCC_WARN_UNUSED_FUNCTION = YES;
				GCC_WARN_UNUSED_VARIABLE = YES;
				IPHONEOS_DEPLOYMENT_TARGET = 14.4;
				MTL_ENABLE_DEBUG_INFO = INCLUDE_SOURCE;
				MTL_FAST_MATH = YES;
				ONLY_ACTIVE_ARCH = YES;
				SDKROOT = iphoneos;
				SWIFT_ACTIVE_COMPILATION_CONDITIONS = DEBUG;
				SWIFT_OPTIMIZATION_LEVEL = "-Onone";
			};
			name = Debug;
		};
		C56404FB2647F9A3002DA6FE /* Release */ = {
			isa = XCBuildConfiguration;
			buildSettings = {
				ALWAYS_SEARCH_USER_PATHS = NO;
				CLANG_ANALYZER_NONNULL = YES;
				CLANG_ANALYZER_NUMBER_OBJECT_CONVERSION = YES_AGGRESSIVE;
				CLANG_CXX_LANGUAGE_STANDARD = "gnu++14";
				CLANG_CXX_LIBRARY = "libc++";
				CLANG_ENABLE_MODULES = YES;
				CLANG_ENABLE_OBJC_ARC = YES;
				CLANG_ENABLE_OBJC_WEAK = YES;
				CLANG_WARN_BLOCK_CAPTURE_AUTORELEASING = YES;
				CLANG_WARN_BOOL_CONVERSION = YES;
				CLANG_WARN_COMMA = YES;
				CLANG_WARN_CONSTANT_CONVERSION = YES;
				CLANG_WARN_DEPRECATED_OBJC_IMPLEMENTATIONS = YES;
				CLANG_WARN_DIRECT_OBJC_ISA_USAGE = YES_ERROR;
				CLANG_WARN_DOCUMENTATION_COMMENTS = YES;
				CLANG_WARN_EMPTY_BODY = YES;
				CLANG_WARN_ENUM_CONVERSION = YES;
				CLANG_WARN_INFINITE_RECURSION = YES;
				CLANG_WARN_INT_CONVERSION = YES;
				CLANG_WARN_NON_LITERAL_NULL_CONVERSION = YES;
				CLANG_WARN_OBJC_IMPLICIT_RETAIN_SELF = YES;
				CLANG_WARN_OBJC_LITERAL_CONVERSION = YES;
				CLANG_WARN_OBJC_ROOT_CLASS = YES_ERROR;
				CLANG_WARN_QUOTED_INCLUDE_IN_FRAMEWORK_HEADER = YES;
				CLANG_WARN_RANGE_LOOP_ANALYSIS = YES;
				CLANG_WARN_STRICT_PROTOTYPES = YES;
				CLANG_WARN_SUSPICIOUS_MOVE = YES;
				CLANG_WARN_UNGUARDED_AVAILABILITY = YES_AGGRESSIVE;
				CLANG_WARN_UNREACHABLE_CODE = YES;
				CLANG_WARN__DUPLICATE_METHOD_MATCH = YES;
				COPY_PHASE_STRIP = NO;
				DEBUG_INFORMATION_FORMAT = "dwarf-with-dsym";
				ENABLE_NS_ASSERTIONS = NO;
				ENABLE_STRICT_OBJC_MSGSEND = YES;
				GCC_C_LANGUAGE_STANDARD = gnu11;
				GCC_NO_COMMON_BLOCKS = YES;
				GCC_WARN_64_TO_32_BIT_CONVERSION = YES;
				GCC_WARN_ABOUT_RETURN_TYPE = YES_ERROR;
				GCC_WARN_UNDECLARED_SELECTOR = YES;
				GCC_WARN_UNINITIALIZED_AUTOS = YES_AGGRESSIVE;
				GCC_WARN_UNUSED_FUNCTION = YES;
				GCC_WARN_UNUSED_VARIABLE = YES;
				IPHONEOS_DEPLOYMENT_TARGET = 14.4;
				MTL_ENABLE_DEBUG_INFO = NO;
				MTL_FAST_MATH = YES;
				SDKROOT = iphoneos;
				SWIFT_COMPILATION_MODE = wholemodule;
				SWIFT_OPTIMIZATION_LEVEL = "-O";
				VALIDATE_PRODUCT = YES;
			};
			name = Release;
		};
		C56404FD2647F9A3002DA6FE /* Debug */ = {
			isa = XCBuildConfiguration;
			buildSettings = {
				ASSETCATALOG_COMPILER_APPICON_NAME = AppIcon;
				ASSETCATALOG_COMPILER_GLOBAL_ACCENT_COLOR_NAME = AccentColor;
				CODE_SIGN_STYLE = Automatic;
				DEVELOPMENT_ASSET_PATHS = "\"BucketList/Preview Content\"";
				ENABLE_PREVIEWS = YES;
				INFOPLIST_FILE = BucketList/Info.plist;
				LD_RUNPATH_SEARCH_PATHS = (
					"$(inherited)",
					"@executable_path/Frameworks",
				);
				PRODUCT_BUNDLE_IDENTIFIER = com.swiftui.cobe.pers.BucketList;
				PRODUCT_NAME = "$(TARGET_NAME)";
				SWIFT_VERSION = 5.0;
				TARGETED_DEVICE_FAMILY = "1,2";
			};
			name = Debug;
		};
		C56404FE2647F9A3002DA6FE /* Release */ = {
			isa = XCBuildConfiguration;
			buildSettings = {
				ASSETCATALOG_COMPILER_APPICON_NAME = AppIcon;
				ASSETCATALOG_COMPILER_GLOBAL_ACCENT_COLOR_NAME = AccentColor;
				CODE_SIGN_STYLE = Automatic;
				DEVELOPMENT_ASSET_PATHS = "\"BucketList/Preview Content\"";
				ENABLE_PREVIEWS = YES;
				INFOPLIST_FILE = BucketList/Info.plist;
				LD_RUNPATH_SEARCH_PATHS = (
					"$(inherited)",
					"@executable_path/Frameworks",
				);
				PRODUCT_BUNDLE_IDENTIFIER = com.swiftui.cobe.pers.BucketList;
				PRODUCT_NAME = "$(TARGET_NAME)";
				SWIFT_VERSION = 5.0;
				TARGETED_DEVICE_FAMILY = "1,2";
			};
			name = Release;
		};
/* End XCBuildConfiguration section */

/* Begin XCConfigurationList section */
		C56404E32647F9A1002DA6FE /* Build configuration list for PBXProject "BucketList" */ = {
			isa = XCConfigurationList;
			buildConfigurations = (
				C56404FA2647F9A3002DA6FE /* Debug */,
				C56404FB2647F9A3002DA6FE /* Release */,
			);
			defaultConfigurationIsVisible = 0;
			defaultConfigurationName = Release;
		};
		C56404FC2647F9A3002DA6FE /* Build configuration list for PBXNativeTarget "BucketList" */ = {
			isa = XCConfigurationList;
			buildConfigurations = (
				C56404FD2647F9A3002DA6FE /* Debug */,
				C56404FE2647F9A3002DA6FE /* Release */,
			);
			defaultConfigurationIsVisible = 0;
			defaultConfigurationName = Release;
		};
/* End XCConfigurationList section */
	};
	rootObject = C56404E02647F9A1002DA6FE /* Project object */;
}
